
Microsoft Visual Studio Solution File, Format Version 12.00
# Visual Studio 2013
VisualStudioVersion = 12.0.21005.1
MinimumVisualStudioVersion = 10.0.40219.1
Project("{FAE04EC0-301F-11D3-BF4B-00C04F79EFBC}") = "IT-Village", "IT-Village\IT-Village.csproj", "{7D5240C4-984C-4310-AAFD-2E269006CEF4}"
EndProject
Project("{FAE04EC0-301F-11D3-BF4B-00C04F79EFBC}") = "BiggestTableRow", "BiggestTableRow\BiggestTableRow.csproj", "{70E62ED3-1B4B-4E3E-8DE8-4065F50A1424}"
EndProject
Project("{FAE04EC0-301F-11D3-BF4B-00C04F79EFBC}") = "X-Removal", "X-Removal\X-Removal.csproj", "{4BEDA379-DD37-4A38-B3DA-E7CEF05C092B}"
EndProject
Project("{FAE04EC0-301F-11D3-BF4B-00C04F79EFBC}") = "15.TheNumbers", "15.TheNumbers\15.TheNumbers.csproj", "{B0B0A5EC-762F-4CE1-A362-9EF7BE803A0C}"
EndProject
Project("{FAE04EC0-301F-11D3-BF4B-00C04F79EFBC}") = "13.SumOfAllValues", "13.SumOfAllValues\13.SumOfAllValues.csproj", "{0199C112-B3CF-48EC-A15F-F8C2D827940F}"
EndProject
Project("{FAE04EC0-301F-11D3-BF4B-00C04F79EFBC}") = "20.OMyGirl!", "20.OMyGirl!\20.OMyGirl!.csproj", "{EE004D7D-047A-49E9-97F8-CBC221EB34F3}"
EndProject
Project("{FAE04EC0-301F-11D3-BF4B-00C04F79EFBC}") = "16.Parachute", "16.Parachute\16.Parachute.csproj", "{D591BE62-0FE5-4F3D-950C-E697D8CB6335}"
EndProject
Project("{FAE04EC0-301F-11D3-BF4B-00C04F79EFBC}") = "14.MatrixShuffle", "14.MatrixShuffle\14.MatrixShuffle.csproj", "{C0056574-9C81-42FE-AACA-215B92C1EC23}"
EndProject
Global
	GlobalSection(SolutionConfigurationPlatforms) = preSolution
		Debug|Any CPU = Debug|Any CPU
		Release|Any CPU = Release|Any CPU
	EndGlobalSection
	GlobalSection(ProjectConfigurationPlatforms) = postSolution
		{7D5240C4-984C-4310-AAFD-2E269006CEF4}.Debug|Any CPU.ActiveCfg = Debug|Any CPU
		{7D5240C4-984C-4310-AAFD-2E269006CEF4}.Debug|Any CPU.Build.0 = Debug|Any CPU
		{7D5240C4-984C-4310-AAFD-2E269006CEF4}.Release|Any CPU.ActiveCfg = Release|Any CPU
		{7D5240C4-984C-4310-AAFD-2E269006CEF4}.Release|Any CPU.Build.0 = Release|Any CPU
		{70E62ED3-1B4B-4E3E-8DE8-4065F50A1424}.Debug|Any CPU.ActiveCfg = Debug|Any CPU
		{70E62ED3-1B4B-4E3E-8DE8-4065F50A1424}.Debug|Any CPU.Build.0 = Debug|Any CPU
		{70E62ED3-1B4B-4E3E-8DE8-4065F50A1424}.Release|Any CPU.ActiveCfg = Release|Any CPU
		{70E62ED3-1B4B-4E3E-8DE8-4065F50A1424}.Release|Any CPU.Build.0 = Release|Any CPU
		{4BEDA379-DD37-4A38-B3DA-E7CEF05C092B}.Debug|Any CPU.ActiveCfg = Debug|Any CPU
		{4BEDA379-DD37-4A38-B3DA-E7CEF05C092B}.Debug|Any CPU.Build.0 = Debug|Any CPU
		{4BEDA379-DD37-4A38-B3DA-E7CEF05C092B}.Release|Any CPU.ActiveCfg = Release|Any CPU
		{4BEDA379-DD37-4A38-B3DA-E7CEF05C092B}.Release|Any CPU.Build.0 = Release|Any CPU
		{B0B0A5EC-762F-4CE1-A362-9EF7BE803A0C}.Debug|Any CPU.ActiveCfg = Debug|Any CPU
		{B0B0A5EC-762F-4CE1-A362-9EF7BE803A0C}.Debug|Any CPU.Build.0 = Debug|Any CPU
		{B0B0A5EC-762F-4CE1-A362-9EF7BE803A0C}.Release|Any CPU.ActiveCfg = Release|Any CPU
		{B0B0A5EC-762F-4CE1-A362-9EF7BE803A0C}.Release|Any CPU.Build.0 = Release|Any CPU
		{0199C112-B3CF-48EC-A15F-F8C2D827940F}.Debug|Any CPU.ActiveCfg = Debug|Any CPU
		{0199C112-B3CF-48EC-A15F-F8C2D827940F}.Debug|Any CPU.Build.0 = Debug|Any CPU
		{0199C112-B3CF-48EC-A15F-F8C2D827940F}.Release|Any CPU.ActiveCfg = Release|Any CPU
		{0199C112-B3CF-48EC-A15F-F8C2D827940F}.Release|Any CPU.Build.0 = Release|Any CPU
		{EE004D7D-047A-49E9-97F8-CBC221EB34F3}.Debug|Any CPU.ActiveCfg = Debug|Any CPU
		{EE004D7D-047A-49E9-97F8-CBC221EB34F3}.Debug|Any CPU.Build.0 = Debug|Any CPU
		{EE004D7D-047A-49E9-97F8-CBC221EB34F3}.Release|Any CPU.ActiveCfg = Release|Any CPU
		{EE004D7D-047A-49E9-97F8-CBC221EB34F3}.Release|Any CPU.Build.0 = Release|Any CPU
		{D591BE62-0FE5-4F3D-950C-E697D8CB6335}.Debug|Any CPU.ActiveCfg = Debug|Any CPU
		{D591BE62-0FE5-4F3D-950C-E697D8CB6335}.Debug|Any CPU.Build.0 = Debug|Any CPU
		{D591BE62-0FE5-4F3D-950C-E697D8CB6335}.Release|Any CPU.ActiveCfg = Release|Any CPU
		{D591BE62-0FE5-4F3D-950C-E697D8CB6335}.Release|Any CPU.Build.0 = Release|Any CPU
		{C0056574-9C81-42FE-AACA-215B92C1EC23}.Debug|Any CPU.ActiveCfg = Debug|Any CPU
		{C0056574-9C81-42FE-AACA-215B92C1EC23}.Debug|Any CPU.Build.0 = Debug|Any CPU
		{C0056574-9C81-42FE-AACA-215B92C1EC23}.Release|Any CPU.ActiveCfg = Release|Any CPU
		{C0056574-9C81-42FE-AACA-215B92C1EC23}.Release|Any CPU.Build.0 = Release|Any CPU
	EndGlobalSection
	GlobalSection(SolutionProperties) = preSolution
		HideSolutionNode = FALSE
	EndGlobalSection
EndGlobal
